// !$*UTF8*$!
{
	archiveVersion = 1;
	classes = {
	};
	objectVersion = 46;
	objects = {

/* Begin PBXBuildFile section */
		C27A2A07194704740008D850 /* Foundation.framework in Frameworks */ = {isa = PBXBuildFile; fileRef = C27A2A06194704740008D850 /* Foundation.framework */; };
		C27A2A09194704740008D850 /* CoreGraphics.framework in Frameworks */ = {isa = PBXBuildFile; fileRef = C27A2A08194704740008D850 /* CoreGraphics.framework */; };
		C27A2A0B194704740008D850 /* UIKit.framework in Frameworks */ = {isa = PBXBuildFile; fileRef = C27A2A0A194704740008D850 /* UIKit.framework */; };
		C27A2A11194704740008D850 /* InfoPlist.strings in Resources */ = {isa = PBXBuildFile; fileRef = C27A2A0F194704740008D850 /* InfoPlist.strings */; };
		C27A2A13194704740008D850 /* main.m in Sources */ = {isa = PBXBuildFile; fileRef = C27A2A12194704740008D850 /* main.m */; };
		C27A2A19194704740008D850 /* Images.xcassets in Resources */ = {isa = PBXBuildFile; fileRef = C27A2A18194704740008D850 /* Images.xcassets */; };
		C27A2A20194704740008D850 /* XCTest.framework in Frameworks */ = {isa = PBXBuildFile; fileRef = C27A2A1F194704740008D850 /* XCTest.framework */; };
		C27A2A21194704740008D850 /* Foundation.framework in Frameworks */ = {isa = PBXBuildFile; fileRef = C27A2A06194704740008D850 /* Foundation.framework */; };
		C27A2A22194704740008D850 /* UIKit.framework in Frameworks */ = {isa = PBXBuildFile; fileRef = C27A2A0A194704740008D850 /* UIKit.framework */; };
		C27A2A2A194704740008D850 /* InfoPlist.strings in Resources */ = {isa = PBXBuildFile; fileRef = C27A2A28194704740008D850 /* InfoPlist.strings */; };
		C27A2A2C194704740008D850 /* _014_6_10_____Tests.m in Sources */ = {isa = PBXBuildFile; fileRef = C27A2A2B194704740008D850 /* _014_6_10_____Tests.m */; };
		C27A2A40194705AE0008D850 /* LZAppDelegate.m in Sources */ = {isa = PBXBuildFile; fileRef = C27A2A38194705AE0008D850 /* LZAppDelegate.m */; };
/* End PBXBuildFile section */

/* Begin PBXContainerItemProxy section */
		C27A2A23194704740008D850 /* PBXContainerItemProxy */ = {
			isa = PBXContainerItemProxy;
			containerPortal = C27A29FB194704740008D850 /* Project object */;
			proxyType = 1;
			remoteGlobalIDString = C27A2A02194704740008D850;
			remoteInfo = "2014-6-10通讯录练习";
		};
/* End PBXContainerItemProxy section */

/* Begin PBXFileReference section */
		C27A2A03194704740008D850 /* 2014-6-10通讯录练习.app */ = {isa = PBXFileReference; explicitFileType = wrapper.application; includeInIndex = 0; path = "2014-6-10通讯录练习.app"; sourceTree = BUILT_PRODUCTS_DIR; };
		C27A2A06194704740008D850 /* Foundation.framework */ = {isa = PBXFileReference; lastKnownFileType = wrapper.framework; name = Foundation.framework; path = System/Library/Frameworks/Foundation.framework; sourceTree = SDKROOT; };
		C27A2A08194704740008D850 /* CoreGraphics.framework */ = {isa = PBXFileReference; lastKnownFileType = wrapper.framework; name = CoreGraphics.framework; path = System/Library/Frameworks/CoreGraphics.framework; sourceTree = SDKROOT; };
		C27A2A0A194704740008D850 /* UIKit.framework */ = {isa = PBXFileReference; lastKnownFileType = wrapper.framework; name = UIKit.framework; path = System/Library/Frameworks/UIKit.framework; sourceTree = SDKROOT; };
		C27A2A0E194704740008D850 /* 2014-6-10通讯录练习-Info.plist */ = {isa = PBXFileReference; lastKnownFileType = text.plist.xml; path = "2014-6-10通讯录练习-Info.plist"; sourceTree = "<group>"; };
		C27A2A10194704740008D850 /* en */ = {isa = PBXFileReference; lastKnownFileType = text.plist.strings; name = en; path = en.lproj/InfoPlist.strings; sourceTree = "<group>"; };
		C27A2A12194704740008D850 /* main.m */ = {isa = PBXFileReference; lastKnownFileType = sourcecode.c.objc; path = main.m; sourceTree = "<group>"; };
		C27A2A14194704740008D850 /* 2014-6-10通讯录练习-Prefix.pch */ = {isa = PBXFileReference; lastKnownFileType = sourcecode.c.h; path = "2014-6-10通讯录练习-Prefix.pch"; sourceTree = "<group>"; };
		C27A2A18194704740008D850 /* Images.xcassets */ = {isa = PBXFileReference; lastKnownFileType = folder.assetcatalog; path = Images.xcassets; sourceTree = "<group>"; };
		C27A2A1E194704740008D850 /* 2014-6-10通讯录练习Tests.xctest */ = {isa = PBXFileReference; explicitFileType = wrapper.cfbundle; includeInIndex = 0; path = "2014-6-10通讯录练习Tests.xctest"; sourceTree = BUILT_PRODUCTS_DIR; };
		C27A2A1F194704740008D850 /* XCTest.framework */ = {isa = PBXFileReference; lastKnownFileType = wrapper.framework; name = XCTest.framework; path = Library/Frameworks/XCTest.framework; sourceTree = DEVELOPER_DIR; };
		C27A2A27194704740008D850 /* 2014-6-10通讯录练习Tests-Info.plist */ = {isa = PBXFileReference; lastKnownFileType = text.plist.xml; path = "2014-6-10通讯录练习Tests-Info.plist"; sourceTree = "<group>"; };
		C27A2A29194704740008D850 /* en */ = {isa = PBXFileReference; lastKnownFileType = text.plist.strings; name = en; path = en.lproj/InfoPlist.strings; sourceTree = "<group>"; };
		C27A2A2B194704740008D850 /* _014_6_10_____Tests.m */ = {isa = PBXFileReference; lastKnownFileType = sourcecode.c.objc; path = "_014_6_10_____Tests.m"; sourceTree = "<group>"; };
		C27A2A37194705AE0008D850 /* LZAppDelegate.h */ = {isa = PBXFileReference; fileEncoding = 4; lastKnownFileType = sourcecode.c.h; path = LZAppDelegate.h; sourceTree = "<group>"; };
		C27A2A38194705AE0008D850 /* LZAppDelegate.m */ = {isa = PBXFileReference; fileEncoding = 4; lastKnownFileType = sourcecode.c.objc; path = LZAppDelegate.m; sourceTree = "<group>"; };
/* End PBXFileReference section */

/* Begin PBXFrameworksBuildPhase section */
		C27A2A00194704740008D850 /* Frameworks */ = {
			isa = PBXFrameworksBuildPhase;
			buildActionMask = 2147483647;
			files = (
				C27A2A09194704740008D850 /* CoreGraphics.framework in Frameworks */,
				C27A2A0B194704740008D850 /* UIKit.framework in Frameworks */,
				C27A2A07194704740008D850 /* Foundation.framework in Frameworks */,
			);
			runOnlyForDeploymentPostprocessing = 0;
		};
		C27A2A1B194704740008D850 /* Frameworks */ = {
			isa = PBXFrameworksBuildPhase;
			buildActionMask = 2147483647;
			files = (
				C27A2A20194704740008D850 /* XCTest.framework in Frameworks */,
				C27A2A22194704740008D850 /* UIKit.framework in Frameworks */,
				C27A2A21194704740008D850 /* Foundation.framework in Frameworks */,
			);
			runOnlyForDeploymentPostprocessing = 0;
		};
/* End PBXFrameworksBuildPhase section */

/* Begin PBXGroup section */
		C27A29FA194704740008D850 = {
			isa = PBXGroup;
			children = (
				C27A2A0C194704740008D850 /* 2014-6-10通讯录练习 */,
				C27A2A25194704740008D850 /* 2014-6-10通讯录练习Tests */,
				C27A2A05194704740008D850 /* Frameworks */,
				C27A2A04194704740008D850 /* Products */,
			);
			sourceTree = "<group>";
		};
		C27A2A04194704740008D850 /* Products */ = {
			isa = PBXGroup;
			children = (
				C27A2A03194704740008D850 /* 2014-6-10通讯录练习.app */,
				C27A2A1E194704740008D850 /* 2014-6-10通讯录练习Tests.xctest */,
			);
			name = Products;
			sourceTree = "<group>";
		};
		C27A2A05194704740008D850 /* Frameworks */ = {
			isa = PBXGroup;
			children = (
				C27A2A06194704740008D850 /* Foundation.framework */,
				C27A2A08194704740008D850 /* CoreGraphics.framework */,
				C27A2A0A194704740008D850 /* UIKit.framework */,
				C27A2A1F194704740008D850 /* XCTest.framework */,
			);
			name = Frameworks;
			sourceTree = "<group>";
		};
		C27A2A0C194704740008D850 /* 2014-6-10通讯录练习 */ = {
			isa = PBXGroup;
			children = (
				C27A2A35194705AE0008D850 /* Classes */,
				C27A2A18194704740008D850 /* Images.xcassets */,
				C27A2A0D194704740008D850 /* Supporting Files */,
			);
			path = "2014-6-10通讯录练习";
			sourceTree = "<group>";
		};
		C27A2A0D194704740008D850 /* Supporting Files */ = {
			isa = PBXGroup;
			children = (
				C27A2A0E194704740008D850 /* 2014-6-10通讯录练习-Info.plist */,
				C27A2A0F194704740008D850 /* InfoPlist.strings */,
				C27A2A12194704740008D850 /* main.m */,
				C27A2A14194704740008D850 /* 2014-6-10通讯录练习-Prefix.pch */,
			);
			name = "Supporting Files";
			sourceTree = "<group>";
		};
		C27A2A25194704740008D850 /* 2014-6-10通讯录练习Tests */ = {
			isa = PBXGroup;
			children = (
				C27A2A2B194704740008D850 /* _014_6_10_____Tests.m */,
				C27A2A26194704740008D850 /* Supporting Files */,
			);
			path = "2014-6-10通讯录练习Tests";
			sourceTree = "<group>";
		};
		C27A2A26194704740008D850 /* Supporting Files */ = {
			isa = PBXGroup;
			children = (
				C27A2A27194704740008D850 /* 2014-6-10通讯录练习Tests-Info.plist */,
				C27A2A28194704740008D850 /* InfoPlist.strings */,
			);
			name = "Supporting Files";
			sourceTree = "<group>";
		};
		C27A2A35194705AE0008D850 /* Classes */ = {
			isa = PBXGroup;
			children = (
				C27A2A36194705AE0008D850 /* AppDelegate */,
				C27A2A39194705AE0008D850 /* General */,
				C27A2A3A194705AE0008D850 /* Helpers */,
				C27A2A3B194705AE0008D850 /* Marco */,
				C27A2A3C194705AE0008D850 /* Models */,
				C27A2A3D194705AE0008D850 /* Resoures */,
				C27A2A3E194705AE0008D850 /* Sences */,
				C27A2A3F194705AE0008D850 /* Vendors */,
			);
			path = Classes;
			sourceTree = "<group>";
		};
		C27A2A36194705AE0008D850 /* AppDelegate */ = {
			isa = PBXGroup;
			children = (
				C27A2A37194705AE0008D850 /* LZAppDelegate.h */,
				C27A2A38194705AE0008D850 /* LZAppDelegate.m */,
			);
			path = AppDelegate;
			sourceTree = "<group>";
		};
		C27A2A39194705AE0008D850 /* General */ = {
			isa = PBXGroup;
			children = (
			);
			path = General;
			sourceTree = "<group>";
		};
		C27A2A3A194705AE0008D850 /* Helpers */ = {
			isa = PBXGroup;
			children = (
			);
			path = Helpers;
			sourceTree = "<group>";
		};
		C27A2A3B194705AE0008D850 /* Marco */ = {
			isa = PBXGroup;
			children = (
			);
			path = Marco;
			sourceTree = "<group>";
		};
		C27A2A3C194705AE0008D850 /* Models */ = {
			isa = PBXGroup;
			children = (
			);
			path = Models;
			sourceTree = "<group>";
		};
		C27A2A3D194705AE0008D850 /* Resoures */ = {
			isa = PBXGroup;
			children = (
			);
			path = Resoures;
			sourceTree = "<group>";
		};
		C27A2A3E194705AE0008D850 /* Sences */ = {
			isa = PBXGroup;
			children = (
			);
			path = Sences;
			sourceTree = "<group>";
		};
		C27A2A3F194705AE0008D850 /* Vendors */ = {
			isa = PBXGroup;
			children = (
			);
			path = Vendors;
			sourceTree = "<group>";
		};
/* End PBXGroup section */

/* Begin PBXNativeTarget section */
		C27A2A02194704740008D850 /* 2014-6-10通讯录练习 */ = {
			isa = PBXNativeTarget;
			buildConfigurationList = C27A2A2F194704740008D850 /* Build configuration list for PBXNativeTarget "2014-6-10通讯录练习" */;
			buildPhases = (
				C27A29FF194704740008D850 /* Sources */,
				C27A2A00194704740008D850 /* Frameworks */,
				C27A2A01194704740008D850 /* Resources */,
			);
			buildRules = (
			);
			dependencies = (
			);
			name = "2014-6-10通讯录练习";
			productName = "2014-6-10通讯录练习";
			productReference = C27A2A03194704740008D850 /* 2014-6-10通讯录练习.app */;
			productType = "com.apple.product-type.application";
		};
		C27A2A1D194704740008D850 /* 2014-6-10通讯录练习Tests */ = {
			isa = PBXNativeTarget;
			buildConfigurationList = C27A2A32194704740008D850 /* Build configuration list for PBXNativeTarget "2014-6-10通讯录练习Tests" */;
			buildPhases = (
				C27A2A1A194704740008D850 /* Sources */,
				C27A2A1B194704740008D850 /* Frameworks */,
				C27A2A1C194704740008D850 /* Resources */,
			);
			buildRules = (
			);
			dependencies = (
				C27A2A24194704740008D850 /* PBXTargetDependency */,
			);
			name = "2014-6-10通讯录练习Tests";
			productName = "2014-6-10通讯录练习Tests";
			productReference = C27A2A1E194704740008D850 /* 2014-6-10通讯录练习Tests.xctest */;
			productType = "com.apple.product-type.bundle.unit-test";
		};
/* End PBXNativeTarget section */

/* Begin PBXProject section */
		C27A29FB194704740008D850 /* Project object */ = {
			isa = PBXProject;
			attributes = {
				CLASSPREFIX = LZ;
				LastUpgradeCheck = 0500;
				ORGANIZATIONNAME = "lanou3g.com 蓝欧科技";
				TargetAttributes = {
					C27A2A1D194704740008D850 = {
						TestTargetID = C27A2A02194704740008D850;
					};
				};
			};
			buildConfigurationList = C27A29FE194704740008D850 /* Build configuration list for PBXProject "2014-6-10通讯录练习" */;
			compatibilityVersion = "Xcode 3.2";
			developmentRegion = English;
			hasScannedForEncodings = 0;
			knownRegions = (
				en,
			);
			mainGroup = C27A29FA194704740008D850;
			productRefGroup = C27A2A04194704740008D850 /* Products */;
			projectDirPath = "";
			projectRoot = "";
			targets = (
				C27A2A02194704740008D850 /* 2014-6-10通讯录练习 */,
				C27A2A1D194704740008D850 /* 2014-6-10通讯录练习Tests */,
			);
		};
/* End PBXProject section */

/* Begin PBXResourcesBuildPhase section */
		C27A2A01194704740008D850 /* Resources */ = {
			isa = PBXResourcesBuildPhase;
			buildActionMask = 2147483647;
			files = (
				C27A2A11194704740008D850 /* InfoPlist.strings in Resources */,
				C27A2A19194704740008D850 /* Images.xcassets in Resources */,
			);
			runOnlyForDeploymentPostprocessing = 0;
		};
		C27A2A1C194704740008D850 /* Resources */ = {
			isa = PBXResourcesBuildPhase;
			buildActionMask = 2147483647;
			files = (
				C27A2A2A194704740008D850 /* InfoPlist.strings in Resources */,
			);
			runOnlyForDeploymentPostprocessing = 0;
		};
/* End PBXResourcesBuildPhase section */

/* Begin PBXSourcesBuildPhase section */
		C27A29FF194704740008D850 /* Sources */ = {
			isa = PBXSourcesBuildPhase;
			buildActionMask = 2147483647;
			files = (
				C27A2A40194705AE0008D850 /* LZAppDelegate.m in Sources */,
				C27A2A13194704740008D850 /* main.m in Sources */,
			);
			runOnlyForDeploymentPostprocessing = 0;
		};
		C27A2A1A194704740008D850 /* Sources */ = {
			isa = PBXSourcesBuildPhase;
			buildActionMask = 2147483647;
			files = (
				C27A2A2C194704740008D850 /* _014_6_10_____Tests.m in Sources */,
			);
			runOnlyForDeploymentPostprocessing = 0;
		};
/* End PBXSourcesBuildPhase section */

/* Begin PBXTargetDependency section */
		C27A2A24194704740008D850 /* PBXTargetDependency */ = {
			isa = PBXTargetDependency;
			target = C27A2A02194704740008D850 /* 2014-6-10通讯录练习 */;
			targetProxy = C27A2A23194704740008D850 /* PBXContainerItemProxy */;
		};
/* End PBXTargetDependency section */

/* Begin PBXVariantGroup section */
		C27A2A0F194704740008D850 /* InfoPlist.strings */ = {
			isa = PBXVariantGroup;
			children = (
				C27A2A10194704740008D850 /* en */,
			);
			name = InfoPlist.strings;
			sourceTree = "<group>";
		};
		C27A2A28194704740008D850 /* InfoPlist.strings */ = {
			isa = PBXVariantGroup;
			children = (
				C27A2A29194704740008D850 /* en */,
			);
			name = InfoPlist.strings;
			sourceTree = "<group>";
		};
/* End PBXVariantGroup section */

/* Begin XCBuildConfiguration section */
		C27A2A2D194704740008D850 /* Debug */ = {
			isa = XCBuildConfiguration;
			buildSettings = {
				ALWAYS_SEARCH_USER_PATHS = NO;
				ARCHS = "$(ARCHS_STANDARD_INCLUDING_64_BIT)";
				CLANG_CXX_LANGUAGE_STANDARD = "gnu++0x";
				CLANG_CXX_LIBRARY = "libc++";
				CLANG_ENABLE_MODULES = YES;
				CLANG_ENABLE_OBJC_ARC = YES;
				CLANG_WARN_BOOL_CONVERSION = YES;
				CLANG_WARN_CONSTANT_CONVERSION = YES;
				CLANG_WARN_DIRECT_OBJC_ISA_USAGE = YES_ERROR;
				CLANG_WARN_EMPTY_BODY = YES;
				CLANG_WARN_ENUM_CONVERSION = YES;
				CLANG_WARN_INT_CONVERSION = YES;
				CLANG_WARN_OBJC_ROOT_CLASS = YES_ERROR;
				CLANG_WARN__DUPLICATE_METHOD_MATCH = YES;
				"CODE_SIGN_IDENTITY[sdk=iphoneos*]" = "iPhone Developer";
				COPY_PHASE_STRIP = NO;
				GCC_C_LANGUAGE_STANDARD = gnu99;
				GCC_DYNAMIC_NO_PIC = NO;
				GCC_OPTIMIZATION_LEVEL = 0;
				GCC_PREPROCESSOR_DEFINITIONS = (
					"DEBUG=1",
					"$(inherited)",
				);
				GCC_SYMBOLS_PRIVATE_EXTERN = NO;
				GCC_WARN_64_TO_32_BIT_CONVERSION = YES;
				GCC_WARN_ABOUT_RETURN_TYPE = YES_ERROR;
				GCC_WARN_UNDECLARED_SELECTOR = YES;
				GCC_WARN_UNINITIALIZED_AUTOS = YES;
				GCC_WARN_UNUSED_FUNCTION = YES;
				GCC_WARN_UNUSED_VARIABLE = YES;
				IPHONEOS_DEPLOYMENT_TARGET = 7.0;
				ONLY_ACTIVE_ARCH = YES;
				SDKROOT = iphoneos;
			};
			name = Debug;
		};
		C27A2A2E194704740008D850 /* Release */ = {
			isa = XCBuildConfiguration;
			buildSettings = {
				ALWAYS_SEARCH_USER_PATHS = NO;
				ARCHS = "$(ARCHS_STANDARD_INCLUDING_64_BIT)";
				CLANG_CXX_LANGUAGE_STANDARD = "gnu++0x";
				CLANG_CXX_LIBRARY = "libc++";
				CLANG_ENABLE_MODULES = YES;
				CLANG_ENABLE_OBJC_ARC = YES;
				CLANG_WARN_BOOL_CONVERSION = YES;
				CLANG_WARN_CONSTANT_CONVERSION = YES;
				CLANG_WARN_DIRECT_OBJC_ISA_USAGE = YES_ERROR;
				CLANG_WARN_EMPTY_BODY = YES;
				CLANG_WARN_ENUM_CONVERSION = YES;
				CLANG_WARN_INT_CONVERSION = YES;
				CLANG_WARN_OBJC_ROOT_CLASS = YES_ERROR;
				CLANG_WARN__DUPLICATE_METHOD_MATCH = YES;
				"CODE_SIGN_IDENTITY[sdk=iphoneos*]" = "iPhone Developer";
				COPY_PHASE_STRIP = YES;
				ENABLE_NS_ASSERTIONS = NO;
				GCC_C_LANGUAGE_STANDARD = gnu99;
				GCC_WARN_64_TO_32_BIT_CONVERSION = YES;
				GCC_WARN_ABOUT_RETURN_TYPE = YES_ERROR;
				GCC_WARN_UNDECLARED_SELECTOR = YES;
				GCC_WARN_UNINITIALIZED_AUTOS = YES;
				GCC_WARN_UNUSED_FUNCTION = YES;
				GCC_WARN_UNUSED_VARIABLE = YES;
				IPHONEOS_DEPLOYMENT_TARGET = 7.0;
				SDKROOT = iphoneos;
				VALIDATE_PRODUCT = YES;
			};
			name = Release;
		};
		C27A2A30194704740008D850 /* Debug */ = {
			isa = XCBuildConfiguration;
			buildSettings = {
				ASSETCATALOG_COMPILER_APPICON_NAME = AppIcon;
				ASSETCATALOG_COMPILER_LAUNCHIMAGE_NAME = LaunchImage;
				CLANG_ENABLE_OBJC_ARC = NO;
				GCC_PRECOMPILE_PREFIX_HEADER = YES;
				GCC_PREFIX_HEADER = "2014-6-10通讯录练习/2014-6-10通讯录练习-Prefix.pch";
				INFOPLIST_FILE = "2014-6-10通讯录练习/2014-6-10通讯录练习-Info.plist";
				PRODUCT_NAME = "$(TARGET_NAME)";
				WRAPPER_EXTENSION = app;
			};
			name = Debug;
		};
		C27A2A31194704740008D850 /* Release */ = {
			isa = XCBuildConfiguration;
			buildSettings = {
				ASSETCATALOG_COMPILER_APPICON_NAME = AppIcon;
				ASSETCATALOG_COMPILER_LAUNCHIMAGE_NAME = LaunchImage;
				CLANG_ENABLE_OBJC_ARC = NO;
				GCC_PRECOMPILE_PREFIX_HEADER = YES;
				GCC_PREFIX_HEADER = "2014-6-10通讯录练习/2014-6-10通讯录练习-Prefix.pch";
				INFOPLIST_FILE = "2014-6-10通讯录练习/2014-6-10通讯录练习-Info.plist";
				PRODUCT_NAME = "$(TARGET_NAME)";
				WRAPPER_EXTENSION = app;
			};
			name = Release;
		};
		C27A2A33194704740008D850 /* Debug */ = {
			isa = XCBuildConfiguration;
			buildSettings = {
				ARCHS = "$(ARCHS_STANDARD_INCLUDING_64_BIT)";
				BUNDLE_LOADER = "$(BUILT_PRODUCTS_DIR)/2014-6-10通讯录练习.app/2014-6-10通讯录练习";
				FRAMEWORK_SEARCH_PATHS = (
					"$(SDKROOT)/Developer/Library/Frameworks",
					"$(inherited)",
					"$(DEVELOPER_FRAMEWORKS_DIR)",
				);
				GCC_PRECOMPILE_PREFIX_HEADER = YES;
				GCC_PREFIX_HEADER = "2014-6-10通讯录练习/2014-6-10通讯录练习-Prefix.pch";
				GCC_PREPROCESSOR_DEFINITIONS = (
					"DEBUG=1",
					"$(inherited)",
				);
				INFOPLIST_FILE = "2014-6-10通讯录练习Tests/2014-6-10通讯录练习Tests-Info.plist";
				PRODUCT_NAME = "$(TARGET_NAME)";
				TEST_HOST = "$(BUNDLE_LOADER)";
				WRAPPER_EXTENSION = xctest;
			};
			name = Debug;
		};
		C27A2A34194704740008D850 /* Release */ = {
			isa = XCBuildConfiguration;
			buildSettings = {
				ARCHS = "$(ARCHS_STANDARD_INCLUDING_64_BIT)";
				BUNDLE_LOADER = "$(BUILT_PRODUCTS_DIR)/2014-6-10通讯录练习.app/2014-6-10通讯录练习";
				FRAMEWORK_SEARCH_PATHS = (
					"$(SDKROOT)/Developer/Library/Frameworks",
					"$(inherited)",
					"$(DEVELOPER_FRAMEWORKS_DIR)",
				);
				GCC_PRECOMPILE_PREFIX_HEADER = YES;
				GCC_PREFIX_HEADER = "2014-6-10通讯录练习/2014-6-10通讯录练习-Prefix.pch";
				INFOPLIST_FILE = "2014-6-10通讯录练习Tests/2014-6-10通讯录练习Tests-Info.plist";
				PRODUCT_NAME = "$(TARGET_NAME)";
				TEST_HOST = "$(BUNDLE_LOADER)";
				WRAPPER_EXTENSION = xctest;
			};
			name = Release;
		};
/* End XCBuildConfiguration section */

/* Begin XCConfigurationList section */
		C27A29FE194704740008D850 /* Build configuration list for PBXProject "2014-6-10通讯录练习" */ = {
			isa = XCConfigurationList;
			buildConfigurations = (
				C27A2A2D194704740008D850 /* Debug */,
				C27A2A2E194704740008D850 /* Release */,
			);
			defaultConfigurationIsVisible = 0;
			defaultConfigurationName = Release;
		};
		C27A2A2F194704740008D850 /* Build configuration list for PBXNativeTarget "2014-6-10通讯录练习" */ = {
			isa = XCConfigurationList;
			buildConfigurations = (
				C27A2A30194704740008D850 /* Debug */,
				C27A2A31194704740008D850 /* Release */,
			);
			defaultConfigurationIsVisible = 0;
			defaultConfigurationName = Release;
		};
		C27A2A32194704740008D850 /* Build configuration list for PBXNativeTarget "2014-6-10通讯录练习Tests" */ = {
			isa = XCConfigurationList;
			buildConfigurations = (
				C27A2A33194704740008D850 /* Debug */,
				C27A2A34194704740008D850 /* Release */,
			);
			defaultConfigurationIsVisible = 0;
			defaultConfigurationName = Release;
		};
/* End XCConfigurationList section */
	};
	rootObject = C27A29FB194704740008D850 /* Project object */;
}
